
Microsoft Visual Studio Solution File, Format Version 12.00
# Visual Studio 14
VisualStudioVersion = 14.0.23107.0
MinimumVisualStudioVersion = 10.0.40219.1
Project("{FAE04EC0-301F-11D3-BF4B-00C04F79EFBC}") = "Spectrum Analizer Red", "naudio test1\Spectrum Analizer Red.csproj", "{71711757-0081-49C6-B749-44D3A38393FC}"
EndProject
Project("{FAE04EC0-301F-11D3-BF4B-00C04F79EFBC}") = "ProgressBars.Basic", "..\..\..\..\Desktop\ProgressBars.Basic\ProgressBars.Basic\ProgressBars.Basic.csproj", "{FF455DC4-70F8-4158-A9B3-B5F406091E5B}"
EndProject
Global
	GlobalSection(SolutionConfigurationPlatforms) = preSolution
		Debug|Any CPU = Debug|Any CPU
		Release|Any CPU = Release|Any CPU
	EndGlobalSection
	GlobalSection(ProjectConfigurationPlatforms) = postSolution
		{71711757-0081-49C6-B749-44D3A38393FC}.Debug|Any CPU.ActiveCfg = Debug|Any CPU
		{71711757-0081-49C6-B749-44D3A38393FC}.Debug|Any CPU.Build.0 = Debug|Any CPU
		{71711757-0081-49C6-B749-44D3A38393FC}.Release|Any CPU.ActiveCfg = Release|Any CPU
		{71711757-0081-49C6-B749-44D3A38393FC}.Release|Any CPU.Build.0 = Release|Any CPU
		{FF455DC4-70F8-4158-A9B3-B5F406091E5B}.Debug|Any CPU.ActiveCfg = Debug|Any CPU
		{FF455DC4-70F8-4158-A9B3-B5F406091E5B}.Debug|Any CPU.Build.0 = Debug|Any CPU
		{FF455DC4-70F8-4158-A9B3-B5F406091E5B}.Release|Any CPU.ActiveCfg = Release|Any CPU
		{FF455DC4-70F8-4158-A9B3-B5F406091E5B}.Release|Any CPU.Build.0 = Release|Any CPU
	EndGlobalSection
	GlobalSection(SolutionProperties) = preSolution
		HideSolutionNode = FALSE
	EndGlobalSection
EndGlobal
